
Microsoft Visual Studio Solution File, Format Version 12.00
# Visual Studio Version 16
VisualStudioVersion = 16.0.30804.86
MinimumVisualStudioVersion = 15.0.26124.0
Project("{9A19103F-16F7-4668-BE54-9A1E7A4F7556}") = "qmessentials-services-dotnet", "qmessentials-services-dotnet\qmessentials-services-dotnet.csproj", "{11710D90-0D80-4F7E-A8E8-5935A57CA754}"
EndProject
Project("{9A19103F-16F7-4668-BE54-9A1E7A4F7556}") = "qmessentials-services-dotnet.tests", "qmessentials-services-dotnet.tests\qmessentials-services-dotnet.tests.csproj", "{15FA957A-2E4F-4B65-8E1A-DA507C185A1F}"
EndProject
Global
	GlobalSection(SolutionConfigurationPlatforms) = preSolution
		Debug|Any CPU = Debug|Any CPU
		Debug|x64 = Debug|x64
		Debug|x86 = Debug|x86
		Release|Any CPU = Release|Any CPU
		Release|x64 = Release|x64
		Release|x86 = Release|x86
	EndGlobalSection
	GlobalSection(ProjectConfigurationPlatforms) = postSolution
		{11710D90-0D80-4F7E-A8E8-5935A57CA754}.Debug|Any CPU.ActiveCfg = Debug|Any CPU
		{11710D90-0D80-4F7E-A8E8-5935A57CA754}.Debug|Any CPU.Build.0 = Debug|Any CPU
		{11710D90-0D80-4F7E-A8E8-5935A57CA754}.Debug|x64.ActiveCfg = Debug|Any CPU
		{11710D90-0D80-4F7E-A8E8-5935A57CA754}.Debug|x64.Build.0 = Debug|Any CPU
		{11710D90-0D80-4F7E-A8E8-5935A57CA754}.Debug|x86.ActiveCfg = Debug|Any CPU
		{11710D90-0D80-4F7E-A8E8-5935A57CA754}.Debug|x86.Build.0 = Debug|Any CPU
		{11710D90-0D80-4F7E-A8E8-5935A57CA754}.Release|Any CPU.ActiveCfg = Release|Any CPU
		{11710D90-0D80-4F7E-A8E8-5935A57CA754}.Release|Any CPU.Build.0 = Release|Any CPU
		{11710D90-0D80-4F7E-A8E8-5935A57CA754}.Release|x64.ActiveCfg = Release|Any CPU
		{11710D90-0D80-4F7E-A8E8-5935A57CA754}.Release|x64.Build.0 = Release|Any CPU
		{11710D90-0D80-4F7E-A8E8-5935A57CA754}.Release|x86.ActiveCfg = Release|Any CPU
		{11710D90-0D80-4F7E-A8E8-5935A57CA754}.Release|x86.Build.0 = Release|Any CPU
		{15FA957A-2E4F-4B65-8E1A-DA507C185A1F}.Debug|Any CPU.ActiveCfg = Debug|Any CPU
		{15FA957A-2E4F-4B65-8E1A-DA507C185A1F}.Debug|Any CPU.Build.0 = Debug|Any CPU
		{15FA957A-2E4F-4B65-8E1A-DA507C185A1F}.Debug|x64.ActiveCfg = Debug|Any CPU
		{15FA957A-2E4F-4B65-8E1A-DA507C185A1F}.Debug|x64.Build.0 = Debug|Any CPU
		{15FA957A-2E4F-4B65-8E1A-DA507C185A1F}.Debug|x86.ActiveCfg = Debug|Any CPU
		{15FA957A-2E4F-4B65-8E1A-DA507C185A1F}.Debug|x86.Build.0 = Debug|Any CPU
		{15FA957A-2E4F-4B65-8E1A-DA507C185A1F}.Release|Any CPU.ActiveCfg = Release|Any CPU
		{15FA957A-2E4F-4B65-8E1A-DA507C185A1F}.Release|Any CPU.Build.0 = Release|Any CPU
		{15FA957A-2E4F-4B65-8E1A-DA507C185A1F}.Release|x64.ActiveCfg = Release|Any CPU
		{15FA957A-2E4F-4B65-8E1A-DA507C185A1F}.Release|x64.Build.0 = Release|Any CPU
		{15FA957A-2E4F-4B65-8E1A-DA507C185A1F}.Release|x86.ActiveCfg = Release|Any CPU
		{15FA957A-2E4F-4B65-8E1A-DA507C185A1F}.Release|x86.Build.0 = Release|Any CPU
	EndGlobalSection
	GlobalSection(SolutionProperties) = preSolution
		HideSolutionNode = FALSE
	EndGlobalSection
	GlobalSection(ExtensibilityGlobals) = postSolution
		SolutionGuid = {2181E7E9-D590-4E5B-8634-EDDF0D256C51}
	EndGlobalSection
EndGlobal
